
Microsoft Visual Studio Solution File, Format Version 12.00
# Visual Studio Version 17
VisualStudioVersion = 17.5.33530.505
MinimumVisualStudioVersion = 10.0.40219.1
Project("{9A19103F-16F7-4668-BE54-9A1E7A4F7556}") = "Queries.Ai", "Queries.Ai.csproj", "{6E512419-3D8F-46FA-AC36-8932B6B3BC0D}"
EndProject
Project("{9A19103F-16F7-4668-BE54-9A1E7A4F7556}") = "SampleWebApi", "..\SampleWebApi\SampleWebApi.csproj", "{8D5302E3-2A44-448D-80FB-30B40FE0D34A}"
EndProject
Project("{9A19103F-16F7-4668-BE54-9A1E7A4F7556}") = "Queries.Ai.Tests", "..\Queries.Ai.Tests\Queries.Ai.Tests.csproj", "{311E68EC-A79E-4B47-B354-9E58095C2277}"
EndProject
Global
	GlobalSection(SolutionConfigurationPlatforms) = preSolution
		Debug|Any CPU = Debug|Any CPU
		Release|Any CPU = Release|Any CPU
	EndGlobalSection
	GlobalSection(ProjectConfigurationPlatforms) = postSolution
		{6E512419-3D8F-46FA-AC36-8932B6B3BC0D}.Debug|Any CPU.ActiveCfg = Debug|Any CPU
		{6E512419-3D8F-46FA-AC36-8932B6B3BC0D}.Debug|Any CPU.Build.0 = Debug|Any CPU
		{6E512419-3D8F-46FA-AC36-8932B6B3BC0D}.Release|Any CPU.ActiveCfg = Release|Any CPU
		{6E512419-3D8F-46FA-AC36-8932B6B3BC0D}.Release|Any CPU.Build.0 = Release|Any CPU
		{8D5302E3-2A44-448D-80FB-30B40FE0D34A}.Debug|Any CPU.ActiveCfg = Debug|Any CPU
		{8D5302E3-2A44-448D-80FB-30B40FE0D34A}.Debug|Any CPU.Build.0 = Debug|Any CPU
		{8D5302E3-2A44-448D-80FB-30B40FE0D34A}.Release|Any CPU.ActiveCfg = Release|Any CPU
		{8D5302E3-2A44-448D-80FB-30B40FE0D34A}.Release|Any CPU.Build.0 = Release|Any CPU
		{311E68EC-A79E-4B47-B354-9E58095C2277}.Debug|Any CPU.ActiveCfg = Debug|Any CPU
		{311E68EC-A79E-4B47-B354-9E58095C2277}.Debug|Any CPU.Build.0 = Debug|Any CPU
		{311E68EC-A79E-4B47-B354-9E58095C2277}.Release|Any CPU.ActiveCfg = Release|Any CPU
		{311E68EC-A79E-4B47-B354-9E58095C2277}.Release|Any CPU.Build.0 = Release|Any CPU
	EndGlobalSection
	GlobalSection(SolutionProperties) = preSolution
		HideSolutionNode = FALSE
	EndGlobalSection
	GlobalSection(ExtensibilityGlobals) = postSolution
		SolutionGuid = {458DC530-DE66-4037-A537-B87EBC4E8ECA}
	EndGlobalSection
EndGlobal
